// !$*UTF8*$!
{
	archiveVersion = 1;
	classes = {
	};
	objectVersion = 42;
	objects = {

/* Begin PBXFileReference section */
		16014533126EBD44006236D8 /* led.h */ = {isa = PBXFileReference; fileEncoding = 4; lastKnownFileType = sourcecode.c.h; path = led.h; sourceTree = "<group>"; };
		16014628126F094D006236D8 /* usbsht.py */ = {isa = PBXFileReference; fileEncoding = 4; lastKnownFileType = text.script.python; name = usbsht.py; path = python/usbsht.py; sourceTree = "<group>"; };
		16B42EAF12FC05FE0015369E /* sht1x.h */ = {isa = PBXFileReference; fileEncoding = 4; lastKnownFileType = sourcecode.c.h; path = sht1x.h; sourceTree = "<group>"; };
		16B42EB012FC05FE0015369E /* sht1x.c */ = {isa = PBXFileReference; fileEncoding = 4; lastKnownFileType = sourcecode.c.c; path = sht1x.c; sourceTree = "<group>"; };
		16C2ECFD126E2BBE00E757A7 /* usbconfig.h */ = {isa = PBXFileReference; fileEncoding = 4; lastKnownFileType = sourcecode.c.h; path = usbconfig.h; sourceTree = "<group>"; };
		4079525E0CEA38CC00E202DC /* main.c */ = {isa = PBXFileReference; fileEncoding = 4; lastKnownFileType = sourcecode.c.c; path = main.c; sourceTree = "<group>"; };
		4079525F0CEA38CC00E202DC /* Makefile */ = {isa = PBXFileReference; fileEncoding = 4; lastKnownFileType = sourcecode.make; path = Makefile; sourceTree = "<group>"; };
/* End PBXFileReference section */

/* Begin PBXGroup section */
		16014626126F092F006236D8 /* python */ = {
			isa = PBXGroup;
			children = (
				16014628126F094D006236D8 /* usbsht.py */,
			);
			name = python;
			sourceTree = "<group>";
		};
		4079523B0CEA382200E202DC = {
			isa = PBXGroup;
			children = (
				16014626126F092F006236D8 /* python */,
				4079525D0CEA38CC00E202DC /* firmware */,
			);
			sourceTree = "<group>";
		};
		4079525D0CEA38CC00E202DC /* firmware */ = {
			isa = PBXGroup;
			children = (
				16B42EAF12FC05FE0015369E /* sht1x.h */,
				16B42EB012FC05FE0015369E /* sht1x.c */,
				16C2ECFD126E2BBE00E757A7 /* usbconfig.h */,
				4079525F0CEA38CC00E202DC /* Makefile */,
				4079525E0CEA38CC00E202DC /* main.c */,
				16014533126EBD44006236D8 /* led.h */,
			);
			path = firmware;
			sourceTree = "<group>";
		};
/* End PBXGroup section */

/* Begin PBXLegacyTarget section */
		407952600CEA391500E202DC /* firmware */ = {
			isa = PBXLegacyTarget;
			buildArgumentsString = $ACTION;
			buildConfigurationList = 407952610CEA393300E202DC /* Build configuration list for PBXLegacyTarget "firmware" */;
			buildPhases = (
			);
			buildToolPath = /usr/bin/make;
			buildWorkingDirectory = firmware;
			dependencies = (
			);
			name = firmware;
			passBuildSettingsInEnvironment = 1;
			productName = "Build All";
		};
/* End PBXLegacyTarget section */

/* Begin PBXProject section */
		4079523D0CEA382200E202DC /* Project object */ = {
			isa = PBXProject;
			buildConfigurationList = 4079523E0CEA382200E202DC /* Build configuration list for PBXProject "usb-sht" */;
			compatibilityVersion = "Xcode 2.4";
			developmentRegion = English;
			hasScannedForEncodings = 0;
			knownRegions = (
				English,
				Japanese,
				French,
				German,
			);
			mainGroup = 4079523B0CEA382200E202DC;
			projectDirPath = "";
			projectRoot = "";
			targets = (
				407952600CEA391500E202DC /* firmware */,
			);
		};
/* End PBXProject section */

/* Begin XCBuildConfiguration section */
		407952400CEA382200E202DC /* Release */ = {
			isa = XCBuildConfiguration;
			buildSettings = {
				COPY_PHASE_STRIP = YES;
			};
			name = Release;
		};
		407952630CEA393300E202DC /* Release */ = {
			isa = XCBuildConfiguration;
			buildSettings = {
				PATH = "$(PATH):/usr/local/CrossPack-AVR/bin";
			};
			name = Release;
		};
/* End XCBuildConfiguration section */

/* Begin XCConfigurationList section */
		4079523E0CEA382200E202DC /* Build configuration list for PBXProject "usb-sht" */ = {
			isa = XCConfigurationList;
			buildConfigurations = (
				407952400CEA382200E202DC /* Release */,
			);
			defaultConfigurationIsVisible = 0;
			defaultConfigurationName = Release;
		};
		407952610CEA393300E202DC /* Build configuration list for PBXLegacyTarget "firmware" */ = {
			isa = XCConfigurationList;
			buildConfigurations = (
				407952630CEA393300E202DC /* Release */,
			);
			defaultConfigurationIsVisible = 0;
			defaultConfigurationName = Release;
		};
/* End XCConfigurationList section */
	};
	rootObject = 4079523D0CEA382200E202DC /* Project object */;
}
